
Microsoft Visual Studio Solution File, Format Version 12.00
# Visual Studio Version 16
VisualStudioVersion = 16.0.32126.315
MinimumVisualStudioVersion = 10.0.40219.1
Project("{9A19103F-16F7-4668-BE54-9A1E7A4F7556}") = "VerdanskGameBot", "VerdanskGameBot\VerdanskGameBot.csproj", "{C3358AC1-40D5-4831-B9FA-4E601BA2349D}"
EndProject
Project("{FAE04EC0-301F-11D3-BF4B-00C04F79EFBC}") = "TestingPurpose", "TestingPurpose\TestingPurpose.csproj", "{6C0EADE9-923E-412C-A6F8-CBF2D92E9343}"
EndProject
Global
	GlobalSection(SolutionConfigurationPlatforms) = preSolution
		Debug|Any CPU = Debug|Any CPU
		Release|Any CPU = Release|Any CPU
	EndGlobalSection
	GlobalSection(ProjectConfigurationPlatforms) = postSolution
		{C3358AC1-40D5-4831-B9FA-4E601BA2349D}.Debug|Any CPU.ActiveCfg = Debug|Any CPU
		{C3358AC1-40D5-4831-B9FA-4E601BA2349D}.Debug|Any CPU.Build.0 = Debug|Any CPU
		{C3358AC1-40D5-4831-B9FA-4E601BA2349D}.Release|Any CPU.ActiveCfg = Release|Any CPU
		{C3358AC1-40D5-4831-B9FA-4E601BA2349D}.Release|Any CPU.Build.0 = Release|Any CPU
		{6C0EADE9-923E-412C-A6F8-CBF2D92E9343}.Debug|Any CPU.ActiveCfg = Debug|Any CPU
		{6C0EADE9-923E-412C-A6F8-CBF2D92E9343}.Debug|Any CPU.Build.0 = Debug|Any CPU
		{6C0EADE9-923E-412C-A6F8-CBF2D92E9343}.Release|Any CPU.ActiveCfg = Release|Any CPU
		{6C0EADE9-923E-412C-A6F8-CBF2D92E9343}.Release|Any CPU.Build.0 = Release|Any CPU
	EndGlobalSection
	GlobalSection(SolutionProperties) = preSolution
		HideSolutionNode = FALSE
	EndGlobalSection
	GlobalSection(ExtensibilityGlobals) = postSolution
		SolutionGuid = {985AB959-B25E-4BDF-87E4-AAAED311CF97}
	EndGlobalSection
EndGlobal
